
Microsoft Visual Studio Solution File, Format Version 12.00
# Visual Studio Version 17
VisualStudioVersion = 17.7.34009.444
MinimumVisualStudioVersion = 10.0.40219.1
Project("{FAE04EC0-301F-11D3-BF4B-00C04F79EFBC}") = "Distributed-Cache", "Distributed-Cache\Distributed-Cache.csproj", "{A0849E37-9771-454B-9C35-B5E7C658B182}"
EndProject
Global
	GlobalSection(SolutionConfigurationPlatforms) = preSolution
		Debug|Any CPU = Debug|Any CPU
		Release|Any CPU = Release|Any CPU
	EndGlobalSection
	GlobalSection(ProjectConfigurationPlatforms) = postSolution
		{A0849E37-9771-454B-9C35-B5E7C658B182}.Debug|Any CPU.ActiveCfg = Debug|Any CPU
		{A0849E37-9771-454B-9C35-B5E7C658B182}.Debug|Any CPU.Build.0 = Debug|Any CPU
		{A0849E37-9771-454B-9C35-B5E7C658B182}.Release|Any CPU.ActiveCfg = Release|Any CPU
		{A0849E37-9771-454B-9C35-B5E7C658B182}.Release|Any CPU.Build.0 = Release|Any CPU
	EndGlobalSection
	GlobalSection(SolutionProperties) = preSolution
		HideSolutionNode = FALSE
	EndGlobalSection
	GlobalSection(ExtensibilityGlobals) = postSolution
		SolutionGuid = {AB9F3EAB-7AE7-47C1-8522-9028B043A9D4}
	EndGlobalSection
EndGlobal
